// !$*UTF8*$!
{
	archiveVersion = 1;
	classes = {
	};
	objectVersion = 46;
	objects = {

/* Begin PBXBuildFile section */
		1DEA771D1F259B0300C1040B /* AppDelegate.swift in Sources */ = {isa = PBXBuildFile; fileRef = 1DEA771C1F259B0300C1040B /* AppDelegate.swift */; };
		1DEA771F1F259B0300C1040B /* ViewController.swift in Sources */ = {isa = PBXBuildFile; fileRef = 1DEA771E1F259B0300C1040B /* ViewController.swift */; };
		1DEA77221F259B0300C1040B /* Main.storyboard in Resources */ = {isa = PBXBuildFile; fileRef = 1DEA77201F259B0300C1040B /* Main.storyboard */; };
		1DEA77241F259B0300C1040B /* Assets.xcassets in Resources */ = {isa = PBXBuildFile; fileRef = 1DEA77231F259B0300C1040B /* Assets.xcassets */; };
		1DEA77271F259B0300C1040B /* LaunchScreen.storyboard in Resources */ = {isa = PBXBuildFile; fileRef = 1DEA77251F259B0300C1040B /* LaunchScreen.storyboard */; };
		1DEA77301F259B1D00C1040B /* SpotlightLyrics.framework in Frameworks */ = {isa = PBXBuildFile; fileRef = 1DEA772F1F259B1D00C1040B /* SpotlightLyrics.framework */; };
/* End PBXBuildFile section */

/* Begin PBXFileReference section */
		1DEA77191F259B0300C1040B /* SpotlightLyrics_Demo.app */ = {isa = PBXFileReference; explicitFileType = wrapper.application; includeInIndex = 0; path = SpotlightLyrics_Demo.app; sourceTree = BUILT_PRODUCTS_DIR; };
		1DEA771C1F259B0300C1040B /* AppDelegate.swift */ = {isa = PBXFileReference; lastKnownFileType = sourcecode.swift; path = AppDelegate.swift; sourceTree = "<group>"; };
		1DEA771E1F259B0300C1040B /* ViewController.swift */ = {isa = PBXFileReference; lastKnownFileType = sourcecode.swift; path = ViewController.swift; sourceTree = "<group>"; };
		1DEA77211F259B0300C1040B /* Base */ = {isa = PBXFileReference; lastKnownFileType = file.storyboard; name = Base; path = Base.lproj/Main.storyboard; sourceTree = "<group>"; };
		1DEA77231F259B0300C1040B /* Assets.xcassets */ = {isa = PBXFileReference; lastKnownFileType = folder.assetcatalog; path = Assets.xcassets; sourceTree = "<group>"; };
		1DEA77261F259B0300C1040B /* Base */ = {isa = PBXFileReference; lastKnownFileType = file.storyboard; name = Base; path = Base.lproj/LaunchScreen.storyboard; sourceTree = "<group>"; };
		1DEA77281F259B0300C1040B /* Info.plist */ = {isa = PBXFileReference; lastKnownFileType = text.plist.xml; path = Info.plist; sourceTree = "<group>"; };
		1DEA772F1F259B1D00C1040B /* SpotlightLyrics.framework */ = {isa = PBXFileReference; lastKnownFileType = wrapper.framework; name = SpotlightLyrics.framework; path = "../../../../../Library/Developer/Xcode/DerivedData/SpotlightLyrics-gvfcddvrqecsbtepueurpvlviwks/Build/Products/Debug-iphoneos/SpotlightLyrics.framework"; sourceTree = "<group>"; };
/* End PBXFileReference section */

/* Begin PBXFrameworksBuildPhase section */
		1DEA77161F259B0300C1040B /* Frameworks */ = {
			isa = PBXFrameworksBuildPhase;
			buildActionMask = 2147483647;
			files = (
				1DEA77301F259B1D00C1040B /* SpotlightLyrics.framework in Frameworks */,
			);
			runOnlyForDeploymentPostprocessing = 0;
		};
/* End PBXFrameworksBuildPhase section */

/* Begin PBXGroup section */
		1DEA77101F259B0300C1040B = {
			isa = PBXGroup;
			children = (
				1DEA771B1F259B0300C1040B /* SpotlightLyrics_Demo */,
				1DEA771A1F259B0300C1040B /* Products */,
				1DEA772E1F259B1D00C1040B /* Frameworks */,
			);
			sourceTree = "<group>";
		};
		1DEA771A1F259B0300C1040B /* Products */ = {
			isa = PBXGroup;
			children = (
				1DEA77191F259B0300C1040B /* SpotlightLyrics_Demo.app */,
			);
			name = Products;
			sourceTree = "<group>";
		};
		1DEA771B1F259B0300C1040B /* SpotlightLyrics_Demo */ = {
			isa = PBXGroup;
			children = (
				1DEA771C1F259B0300C1040B /* AppDelegate.swift */,
				1DEA771E1F259B0300C1040B /* ViewController.swift */,
				1DEA77201F259B0300C1040B /* Main.storyboard */,
				1DEA77231F259B0300C1040B /* Assets.xcassets */,
				1DEA77251F259B0300C1040B /* LaunchScreen.storyboard */,
				1DEA77281F259B0300C1040B /* Info.plist */,
			);
			path = SpotlightLyrics_Demo;
			sourceTree = "<group>";
		};
		1DEA772E1F259B1D00C1040B /* Frameworks */ = {
			isa = PBXGroup;
			children = (
				1DEA772F1F259B1D00C1040B /* SpotlightLyrics.framework */,
			);
			name = Frameworks;
			sourceTree = "<group>";
		};
/* End PBXGroup section */

/* Begin PBXNativeTarget section */
		1DEA77181F259B0300C1040B /* SpotlightLyrics_Demo */ = {
			isa = PBXNativeTarget;
			buildConfigurationList = 1DEA772B1F259B0400C1040B /* Build configuration list for PBXNativeTarget "SpotlightLyrics_Demo" */;
			buildPhases = (
				1DEA77151F259B0300C1040B /* Sources */,
				1DEA77161F259B0300C1040B /* Frameworks */,
				1DEA77171F259B0300C1040B /* Resources */,
			);
			buildRules = (
			);
			dependencies = (
			);
			name = SpotlightLyrics_Demo;
			productName = SpotlightLyrics_Demo;
			productReference = 1DEA77191F259B0300C1040B /* SpotlightLyrics_Demo.app */;
			productType = "com.apple.product-type.application";
		};
/* End PBXNativeTarget section */

/* Begin PBXProject section */
		1DEA77111F259B0300C1040B /* Project object */ = {
			isa = PBXProject;
			attributes = {
				LastSwiftUpdateCheck = 0830;
				LastUpgradeCheck = 0830;
				ORGANIZATIONNAME = jayasme;
				TargetAttributes = {
					1DEA77181F259B0300C1040B = {
						CreatedOnToolsVersion = 8.3.3;
						DevelopmentTeam = 5FXTNC5WLB;
						ProvisioningStyle = Automatic;
					};
				};
			};
			buildConfigurationList = 1DEA77141F259B0300C1040B /* Build configuration list for PBXProject "SpotlightLyrics_Demo" */;
			compatibilityVersion = "Xcode 3.2";
			developmentRegion = English;
			hasScannedForEncodings = 0;
			knownRegions = (
				en,
				Base,
			);
			mainGroup = 1DEA77101F259B0300C1040B;
			productRefGroup = 1DEA771A1F259B0300C1040B /* Products */;
			projectDirPath = "";
			projectRoot = "";
			targets = (
				1DEA77181F259B0300C1040B /* SpotlightLyrics_Demo */,
			);
		};
/* End PBXProject section */

/* Begin PBXResourcesBuildPhase section */
		1DEA77171F259B0300C1040B /* Resources */ = {
			isa = PBXResourcesBuildPhase;
			buildActionMask = 2147483647;
			files = (
				1DEA77271F259B0300C1040B /* LaunchScreen.storyboard in Resources */,
				1DEA77241F259B0300C1040B /* Assets.xcassets in Resources */,
				1DEA77221F259B0300C1040B /* Main.storyboard in Resources */,
			);
			runOnlyForDeploymentPostprocessing = 0;
		};
/* End PBXResourcesBuildPhase section */

/* Begin PBXSourcesBuildPhase section */
		1DEA77151F259B0300C1040B /* Sources */ = {
			isa = PBXSourcesBuildPhase;
			buildActionMask = 2147483647;
			files = (
				1DEA771F1F259B0300C1040B /* ViewController.swift in Sources */,
				1DEA771D1F259B0300C1040B /* AppDelegate.swift in Sources */,
			);
			runOnlyForDeploymentPostprocessing = 0;
		};
/* End PBXSourcesBuildPhase section */

/* Begin PBXVariantGroup section */
		1DEA77201F259B0300C1040B /* Main.storyboard */ = {
			isa = PBXVariantGroup;
			children = (
				1DEA77211F259B0300C1040B /* Base */,
			);
			name = Main.storyboard;
			sourceTree = "<group>";
		};
		1DEA77251F259B0300C1040B /* LaunchScreen.storyboard */ = {
			isa = PBXVariantGroup;
			children = (
				1DEA77261F259B0300C1040B /* Base */,
			);
			name = LaunchScreen.storyboard;
			sourceTree = "<group>";
		};
/* End PBXVariantGroup section */

/* Begin XCBuildConfiguration section */
		1DEA77291F259B0400C1040B /* Debug */ = {
			isa = XCBuildConfiguration;
			buildSettings = {
				ALWAYS_SEARCH_USER_PATHS = NO;
				CLANG_ANALYZER_NONNULL = YES;
				CLANG_ANALYZER_NUMBER_OBJECT_CONVERSION = YES_AGGRESSIVE;
				CLANG_CXX_LANGUAGE_STANDARD = "gnu++0x";
				CLANG_CXX_LIBRARY = "libc++";
				CLANG_ENABLE_MODULES = YES;
				CLANG_ENABLE_OBJC_ARC = YES;
				CLANG_WARN_BOOL_CONVERSION = YES;
				CLANG_WARN_CONSTANT_CONVERSION = YES;
				CLANG_WARN_DIRECT_OBJC_ISA_USAGE = YES_ERROR;
				CLANG_WARN_DOCUMENTATION_COMMENTS = YES;
				CLANG_WARN_EMPTY_BODY = YES;
				CLANG_WARN_ENUM_CONVERSION = YES;
				CLANG_WARN_INFINITE_RECURSION = YES;
				CLANG_WARN_INT_CONVERSION = YES;
				CLANG_WARN_OBJC_ROOT_CLASS = YES_ERROR;
				CLANG_WARN_SUSPICIOUS_MOVE = YES;
				CLANG_WARN_UNREACHABLE_CODE = YES;
				CLANG_WARN__DUPLICATE_METHOD_MATCH = YES;
				"CODE_SIGN_IDENTITY[sdk=iphoneos*]" = "iPhone Developer";
				COPY_PHASE_STRIP = NO;
				DEBUG_INFORMATION_FORMAT = dwarf;
				ENABLE_STRICT_OBJC_MSGSEND = YES;
				ENABLE_TESTABILITY = YES;
				GCC_C_LANGUAGE_STANDARD = gnu99;
				GCC_DYNAMIC_NO_PIC = NO;
				GCC_NO_COMMON_BLOCKS = YES;
				GCC_OPTIMIZATION_LEVEL = 0;
				GCC_PREPROCESSOR_DEFINITIONS = (
					"DEBUG=1",
					"$(inherited)",
				);
				GCC_WARN_64_TO_32_BIT_CONVERSION = YES;
				GCC_WARN_ABOUT_RETURN_TYPE = YES_ERROR;
				GCC_WARN_UNDECLARED_SELECTOR = YES;
				GCC_WARN_UNINITIALIZED_AUTOS = YES_AGGRESSIVE;
				GCC_WARN_UNUSED_FUNCTION = YES;
				GCC_WARN_UNUSED_VARIABLE = YES;
				IPHONEOS_DEPLOYMENT_TARGET = 10.3;
				MTL_ENABLE_DEBUG_INFO = YES;
				ONLY_ACTIVE_ARCH = YES;
				SDKROOT = iphoneos;
				SWIFT_ACTIVE_COMPILATION_CONDITIONS = DEBUG;
				SWIFT_OPTIMIZATION_LEVEL = "-Onone";
				TARGETED_DEVICE_FAMILY = "1,2";
			};
			name = Debug;
		};
		1DEA772A1F259B0400C1040B /* Release */ = {
			isa = XCBuildConfiguration;
			buildSettings = {
				ALWAYS_SEARCH_USER_PATHS = NO;
				CLANG_ANALYZER_NONNULL = YES;
				CLANG_ANALYZER_NUMBER_OBJECT_CONVERSION = YES_AGGRESSIVE;
				CLANG_CXX_LANGUAGE_STANDARD = "gnu++0x";
				CLANG_CXX_LIBRARY = "libc++";
				CLANG_ENABLE_MODULES = YES;
				CLANG_ENABLE_OBJC_ARC = YES;
				CLANG_WARN_BOOL_CONVERSION = YES;
				CLANG_WARN_CONSTANT_CONVERSION = YES;
				CLANG_WARN_DIRECT_OBJC_ISA_USAGE = YES_ERROR;
				CLANG_WARN_DOCUMENTATION_COMMENTS = YES;
				CLANG_WARN_EMPTY_BODY = YES;
				CLANG_WARN_ENUM_CONVERSION = YES;
				CLANG_WARN_INFINITE_RECURSION = YES;
				CLANG_WARN_INT_CONVERSION = YES;
				CLANG_WARN_OBJC_ROOT_CLASS = YES_ERROR;
				CLANG_WARN_SUSPICIOUS_MOVE = YES;
				CLANG_WARN_UNREACHABLE_CODE = YES;
				CLANG_WARN__DUPLICATE_METHOD_MATCH = YES;
				"CODE_SIGN_IDENTITY[sdk=iphoneos*]" = "iPhone Developer";
				COPY_PHASE_STRIP = NO;
				DEBUG_INFORMATION_FORMAT = "dwarf-with-dsym";
				ENABLE_NS_ASSERTIONS = NO;
				ENABLE_STRICT_OBJC_MSGSEND = YES;
				GCC_C_LANGUAGE_STANDARD = gnu99;
				GCC_NO_COMMON_BLOCKS = YES;
				GCC_WARN_64_TO_32_BIT_CONVERSION = YES;
				GCC_WARN_ABOUT_RETURN_TYPE = YES_ERROR;
				GCC_WARN_UNDECLARED_SELECTOR = YES;
				GCC_WARN_UNINITIALIZED_AUTOS = YES_AGGRESSIVE;
				GCC_WARN_UNUSED_FUNCTION = YES;
				GCC_WARN_UNUSED_VARIABLE = YES;
				IPHONEOS_DEPLOYMENT_TARGET = 10.3;
				MTL_ENABLE_DEBUG_INFO = NO;
				SDKROOT = iphoneos;
				SWIFT_OPTIMIZATION_LEVEL = "-Owholemodule";
				TARGETED_DEVICE_FAMILY = "1,2";
				VALIDATE_PRODUCT = YES;
			};
			name = Release;
		};
		1DEA772C1F259B0400C1040B /* Debug */ = {
			isa = XCBuildConfiguration;
			buildSettings = {
				ASSETCATALOG_COMPILER_APPICON_NAME = AppIcon;
				DEVELOPMENT_TEAM = 5FXTNC5WLB;
				INFOPLIST_FILE = SpotlightLyrics_Demo/Info.plist;
				LD_RUNPATH_SEARCH_PATHS = "$(inherited) @executable_path/Frameworks";
				PRODUCT_BUNDLE_IDENTIFIER = "com.jayasme.SpotlightLyrics-Demo";
				PRODUCT_NAME = "$(TARGET_NAME)";
				SWIFT_VERSION = 3.0;
			};
			name = Debug;
		};
		1DEA772D1F259B0400C1040B /* Release */ = {
			isa = XCBuildConfiguration;
			buildSettings = {
				ASSETCATALOG_COMPILER_APPICON_NAME = AppIcon;
				DEVELOPMENT_TEAM = 5FXTNC5WLB;
				INFOPLIST_FILE = SpotlightLyrics_Demo/Info.plist;
				LD_RUNPATH_SEARCH_PATHS = "$(inherited) @executable_path/Frameworks";
				PRODUCT_BUNDLE_IDENTIFIER = "com.jayasme.SpotlightLyrics-Demo";
				PRODUCT_NAME = "$(TARGET_NAME)";
				SWIFT_VERSION = 3.0;
			};
			name = Release;
		};
/* End XCBuildConfiguration section */

/* Begin XCConfigurationList section */
		1DEA77141F259B0300C1040B /* Build configuration list for PBXProject "SpotlightLyrics_Demo" */ = {
			isa = XCConfigurationList;
			buildConfigurations = (
				1DEA77291F259B0400C1040B /* Debug */,
				1DEA772A1F259B0400C1040B /* Release */,
			);
			defaultConfigurationIsVisible = 0;
			defaultConfigurationName = Release;
		};
		1DEA772B1F259B0400C1040B /* Build configuration list for PBXNativeTarget "SpotlightLyrics_Demo" */ = {
			isa = XCConfigurationList;
			buildConfigurations = (
				1DEA772C1F259B0400C1040B /* Debug */,
				1DEA772D1F259B0400C1040B /* Release */,
			);
			defaultConfigurationIsVisible = 0;
			defaultConfigurationName = Release;
		};
/* End XCConfigurationList section */
	};
	rootObject = 1DEA77111F259B0300C1040B /* Project object */;
}
