// !$*UTF8*$!
{
	archiveVersion = 1;
	classes = {
	};
	objectVersion = 46;
	objects = {

/* Begin PBXBuildFile section */
		1D079FD621B6608F00D21A8F /* LyricsParser.swift in Sources */ = {isa = PBXBuildFile; fileRef = 1D079FCC21B6608F00D21A8F /* LyricsParser.swift */; };
		1D079FD721B6608F00D21A8F /* LyricsItem.swift in Sources */ = {isa = PBXBuildFile; fileRef = 1D079FCD21B6608F00D21A8F /* LyricsItem.swift */; };
		1D079FD821B6608F00D21A8F /* LyricsHeader.swift in Sources */ = {isa = PBXBuildFile; fileRef = 1D079FCE21B6608F00D21A8F /* LyricsHeader.swift */; };
		1D079FD921B6608F00D21A8F /* Extensions.swift in Sources */ = {isa = PBXBuildFile; fileRef = 1D079FCF21B6608F00D21A8F /* Extensions.swift */; };
		1D079FDA21B6608F00D21A8F /* LyricsCellViewModel.swift in Sources */ = {isa = PBXBuildFile; fileRef = 1D079FD121B6608F00D21A8F /* LyricsCellViewModel.swift */; };
		1D079FDB21B6608F00D21A8F /* LyricsView.swift in Sources */ = {isa = PBXBuildFile; fileRef = 1D079FD221B6608F00D21A8F /* LyricsView.swift */; };
		1D079FDC21B6608F00D21A8F /* LyricsCell.swift in Sources */ = {isa = PBXBuildFile; fileRef = 1D079FD321B6608F00D21A8F /* LyricsCell.swift */; };
		1D3C8B1221BA7BB10020933A /* LyticsViewTimer.swift in Sources */ = {isa = PBXBuildFile; fileRef = 1D3C8B1121BA7BB10020933A /* LyticsViewTimer.swift */; };
/* End PBXBuildFile section */

/* Begin PBXFileReference section */
		1D079FCA21B6608F00D21A8F /* Info.plist */ = {isa = PBXFileReference; fileEncoding = 4; lastKnownFileType = text.plist.xml; path = Info.plist; sourceTree = "<group>"; };
		1D079FCC21B6608F00D21A8F /* LyricsParser.swift */ = {isa = PBXFileReference; fileEncoding = 4; lastKnownFileType = sourcecode.swift; path = LyricsParser.swift; sourceTree = "<group>"; };
		1D079FCD21B6608F00D21A8F /* LyricsItem.swift */ = {isa = PBXFileReference; fileEncoding = 4; lastKnownFileType = sourcecode.swift; path = LyricsItem.swift; sourceTree = "<group>"; };
		1D079FCE21B6608F00D21A8F /* LyricsHeader.swift */ = {isa = PBXFileReference; fileEncoding = 4; lastKnownFileType = sourcecode.swift; path = LyricsHeader.swift; sourceTree = "<group>"; };
		1D079FCF21B6608F00D21A8F /* Extensions.swift */ = {isa = PBXFileReference; fileEncoding = 4; lastKnownFileType = sourcecode.swift; path = Extensions.swift; sourceTree = "<group>"; };
		1D079FD121B6608F00D21A8F /* LyricsCellViewModel.swift */ = {isa = PBXFileReference; fileEncoding = 4; lastKnownFileType = sourcecode.swift; path = LyricsCellViewModel.swift; sourceTree = "<group>"; };
		1D079FD221B6608F00D21A8F /* LyricsView.swift */ = {isa = PBXFileReference; fileEncoding = 4; lastKnownFileType = sourcecode.swift; path = LyricsView.swift; sourceTree = "<group>"; };
		1D079FD321B6608F00D21A8F /* LyricsCell.swift */ = {isa = PBXFileReference; fileEncoding = 4; lastKnownFileType = sourcecode.swift; path = LyricsCell.swift; sourceTree = "<group>"; };
		1D3C8B1121BA7BB10020933A /* LyticsViewTimer.swift */ = {isa = PBXFileReference; lastKnownFileType = sourcecode.swift; path = LyticsViewTimer.swift; sourceTree = "<group>"; };
		1DEA77031F259A6C00C1040B /* SpotlightLyrics.framework */ = {isa = PBXFileReference; explicitFileType = wrapper.framework; includeInIndex = 0; path = SpotlightLyrics.framework; sourceTree = BUILT_PRODUCTS_DIR; };
/* End PBXFileReference section */

/* Begin PBXFrameworksBuildPhase section */
		1DEA76FF1F259A6C00C1040B /* Frameworks */ = {
			isa = PBXFrameworksBuildPhase;
			buildActionMask = 2147483647;
			files = (
			);
			runOnlyForDeploymentPostprocessing = 0;
		};
/* End PBXFrameworksBuildPhase section */

/* Begin PBXGroup section */
		1D079FC121B6603D00D21A8F /* SpotlightLyrics */ = {
			isa = PBXGroup;
			children = (
				1D079FCB21B6608F00D21A8F /* LyricsParser */,
				1D079FD021B6608F00D21A8F /* LyricsView */,
				1D079FCF21B6608F00D21A8F /* Extensions.swift */,
				1D079FCA21B6608F00D21A8F /* Info.plist */,
			);
			path = SpotlightLyrics;
			sourceTree = "<group>";
		};
		1D079FCB21B6608F00D21A8F /* LyricsParser */ = {
			isa = PBXGroup;
			children = (
				1D079FCC21B6608F00D21A8F /* LyricsParser.swift */,
				1D079FCD21B6608F00D21A8F /* LyricsItem.swift */,
				1D079FCE21B6608F00D21A8F /* LyricsHeader.swift */,
			);
			path = LyricsParser;
			sourceTree = "<group>";
		};
		1D079FD021B6608F00D21A8F /* LyricsView */ = {
			isa = PBXGroup;
			children = (
				1D079FD221B6608F00D21A8F /* LyricsView.swift */,
				1D3C8B1121BA7BB10020933A /* LyticsViewTimer.swift */,
				1D079FD121B6608F00D21A8F /* LyricsCellViewModel.swift */,
				1D079FD321B6608F00D21A8F /* LyricsCell.swift */,
			);
			path = LyricsView;
			sourceTree = "<group>";
		};
		1DEA76F91F259A6C00C1040B = {
			isa = PBXGroup;
			children = (
				1D079FC121B6603D00D21A8F /* SpotlightLyrics */,
				1DEA77041F259A6C00C1040B /* Products */,
			);
			sourceTree = "<group>";
		};
		1DEA77041F259A6C00C1040B /* Products */ = {
			isa = PBXGroup;
			children = (
				1DEA77031F259A6C00C1040B /* SpotlightLyrics.framework */,
			);
			name = Products;
			sourceTree = "<group>";
		};
/* End PBXGroup section */

/* Begin PBXHeadersBuildPhase section */
		1DEA77001F259A6C00C1040B /* Headers */ = {
			isa = PBXHeadersBuildPhase;
			buildActionMask = 2147483647;
			files = (
			);
			runOnlyForDeploymentPostprocessing = 0;
		};
/* End PBXHeadersBuildPhase section */

/* Begin PBXNativeTarget section */
		1DEA77021F259A6C00C1040B /* SpotlightLyrics */ = {
			isa = PBXNativeTarget;
			buildConfigurationList = 1DEA770B1F259A6C00C1040B /* Build configuration list for PBXNativeTarget "SpotlightLyrics" */;
			buildPhases = (
				1DEA76FE1F259A6C00C1040B /* Sources */,
				1DEA76FF1F259A6C00C1040B /* Frameworks */,
				1DEA77001F259A6C00C1040B /* Headers */,
				1DEA77011F259A6C00C1040B /* Resources */,
			);
			buildRules = (
			);
			dependencies = (
			);
			name = SpotlightLyrics;
			productName = SpotlightLyrics;
			productReference = 1DEA77031F259A6C00C1040B /* SpotlightLyrics.framework */;
			productType = "com.apple.product-type.framework";
		};
/* End PBXNativeTarget section */

/* Begin PBXProject section */
		1DEA76FA1F259A6C00C1040B /* Project object */ = {
			isa = PBXProject;
			attributes = {
				LastUpgradeCheck = 1010;
				ORGANIZATIONNAME = "Scott Rong";
				TargetAttributes = {
					1DEA77021F259A6C00C1040B = {
						CreatedOnToolsVersion = 8.3.3;
						LastSwiftMigration = 1010;
						ProvisioningStyle = Automatic;
					};
				};
			};
			buildConfigurationList = 1DEA76FD1F259A6C00C1040B /* Build configuration list for PBXProject "SpotlightLyrics" */;
			compatibilityVersion = "Xcode 3.2";
			developmentRegion = English;
			hasScannedForEncodings = 0;
			knownRegions = (
				en,
			);
			mainGroup = 1DEA76F91F259A6C00C1040B;
			productRefGroup = 1DEA77041F259A6C00C1040B /* Products */;
			projectDirPath = "";
			projectRoot = "";
			targets = (
				1DEA77021F259A6C00C1040B /* SpotlightLyrics */,
			);
		};
/* End PBXProject section */

/* Begin PBXResourcesBuildPhase section */
		1DEA77011F259A6C00C1040B /* Resources */ = {
			isa = PBXResourcesBuildPhase;
			buildActionMask = 2147483647;
			files = (
			);
			runOnlyForDeploymentPostprocessing = 0;
		};
/* End PBXResourcesBuildPhase section */

/* Begin PBXSourcesBuildPhase section */
		1DEA76FE1F259A6C00C1040B /* Sources */ = {
			isa = PBXSourcesBuildPhase;
			buildActionMask = 2147483647;
			files = (
				1D079FD721B6608F00D21A8F /* LyricsItem.swift in Sources */,
				1D079FD821B6608F00D21A8F /* LyricsHeader.swift in Sources */,
				1D079FDA21B6608F00D21A8F /* LyricsCellViewModel.swift in Sources */,
				1D079FD621B6608F00D21A8F /* LyricsParser.swift in Sources */,
				1D079FDB21B6608F00D21A8F /* LyricsView.swift in Sources */,
				1D079FDC21B6608F00D21A8F /* LyricsCell.swift in Sources */,
				1D3C8B1221BA7BB10020933A /* LyticsViewTimer.swift in Sources */,
				1D079FD921B6608F00D21A8F /* Extensions.swift in Sources */,
			);
			runOnlyForDeploymentPostprocessing = 0;
		};
/* End PBXSourcesBuildPhase section */

/* Begin XCBuildConfiguration section */
		1DEA77091F259A6C00C1040B /* Debug */ = {
			isa = XCBuildConfiguration;
			buildSettings = {
				ALWAYS_SEARCH_USER_PATHS = NO;
				CLANG_ANALYZER_NONNULL = YES;
				CLANG_ANALYZER_NUMBER_OBJECT_CONVERSION = YES_AGGRESSIVE;
				CLANG_CXX_LANGUAGE_STANDARD = "gnu++0x";
				CLANG_CXX_LIBRARY = "libc++";
				CLANG_ENABLE_MODULES = YES;
				CLANG_ENABLE_OBJC_ARC = YES;
				CLANG_WARN_BLOCK_CAPTURE_AUTORELEASING = YES;
				CLANG_WARN_BOOL_CONVERSION = YES;
				CLANG_WARN_COMMA = YES;
				CLANG_WARN_CONSTANT_CONVERSION = YES;
				CLANG_WARN_DEPRECATED_OBJC_IMPLEMENTATIONS = YES;
				CLANG_WARN_DIRECT_OBJC_ISA_USAGE = YES_ERROR;
				CLANG_WARN_DOCUMENTATION_COMMENTS = YES;
				CLANG_WARN_EMPTY_BODY = YES;
				CLANG_WARN_ENUM_CONVERSION = YES;
				CLANG_WARN_INFINITE_RECURSION = YES;
				CLANG_WARN_INT_CONVERSION = YES;
				CLANG_WARN_NON_LITERAL_NULL_CONVERSION = YES;
				CLANG_WARN_OBJC_IMPLICIT_RETAIN_SELF = YES;
				CLANG_WARN_OBJC_LITERAL_CONVERSION = YES;
				CLANG_WARN_OBJC_ROOT_CLASS = YES_ERROR;
				CLANG_WARN_RANGE_LOOP_ANALYSIS = YES;
				CLANG_WARN_STRICT_PROTOTYPES = YES;
				CLANG_WARN_SUSPICIOUS_MOVE = YES;
				CLANG_WARN_UNREACHABLE_CODE = YES;
				CLANG_WARN__DUPLICATE_METHOD_MATCH = YES;
				"CODE_SIGN_IDENTITY[sdk=iphoneos*]" = "iPhone Developer";
				COPY_PHASE_STRIP = NO;
				CURRENT_PROJECT_VERSION = 1;
				DEBUG_INFORMATION_FORMAT = dwarf;
				ENABLE_STRICT_OBJC_MSGSEND = YES;
				ENABLE_TESTABILITY = YES;
				GCC_C_LANGUAGE_STANDARD = gnu99;
				GCC_DYNAMIC_NO_PIC = NO;
				GCC_NO_COMMON_BLOCKS = YES;
				GCC_OPTIMIZATION_LEVEL = 0;
				GCC_PREPROCESSOR_DEFINITIONS = (
					"DEBUG=1",
					"$(inherited)",
				);
				GCC_WARN_64_TO_32_BIT_CONVERSION = YES;
				GCC_WARN_ABOUT_RETURN_TYPE = YES_ERROR;
				GCC_WARN_UNDECLARED_SELECTOR = YES;
				GCC_WARN_UNINITIALIZED_AUTOS = YES_AGGRESSIVE;
				GCC_WARN_UNUSED_FUNCTION = YES;
				GCC_WARN_UNUSED_VARIABLE = YES;
				IPHONEOS_DEPLOYMENT_TARGET = 8.0;
				MTL_ENABLE_DEBUG_INFO = YES;
				ONLY_ACTIVE_ARCH = YES;
				SDKROOT = iphoneos;
				SWIFT_ACTIVE_COMPILATION_CONDITIONS = DEBUG;
				SWIFT_OPTIMIZATION_LEVEL = "-Onone";
				TARGETED_DEVICE_FAMILY = "1,2";
				VERSIONING_SYSTEM = "apple-generic";
				VERSION_INFO_PREFIX = "";
			};
			name = Debug;
		};
		1DEA770A1F259A6C00C1040B /* Release */ = {
			isa = XCBuildConfiguration;
			buildSettings = {
				ALWAYS_SEARCH_USER_PATHS = NO;
				CLANG_ANALYZER_NONNULL = YES;
				CLANG_ANALYZER_NUMBER_OBJECT_CONVERSION = YES_AGGRESSIVE;
				CLANG_CXX_LANGUAGE_STANDARD = "gnu++0x";
				CLANG_CXX_LIBRARY = "libc++";
				CLANG_ENABLE_MODULES = YES;
				CLANG_ENABLE_OBJC_ARC = YES;
				CLANG_WARN_BLOCK_CAPTURE_AUTORELEASING = YES;
				CLANG_WARN_BOOL_CONVERSION = YES;
				CLANG_WARN_COMMA = YES;
				CLANG_WARN_CONSTANT_CONVERSION = YES;
				CLANG_WARN_DEPRECATED_OBJC_IMPLEMENTATIONS = YES;
				CLANG_WARN_DIRECT_OBJC_ISA_USAGE = YES_ERROR;
				CLANG_WARN_DOCUMENTATION_COMMENTS = YES;
				CLANG_WARN_EMPTY_BODY = YES;
				CLANG_WARN_ENUM_CONVERSION = YES;
				CLANG_WARN_INFINITE_RECURSION = YES;
				CLANG_WARN_INT_CONVERSION = YES;
				CLANG_WARN_NON_LITERAL_NULL_CONVERSION = YES;
				CLANG_WARN_OBJC_IMPLICIT_RETAIN_SELF = YES;
				CLANG_WARN_OBJC_LITERAL_CONVERSION = YES;
				CLANG_WARN_OBJC_ROOT_CLASS = YES_ERROR;
				CLANG_WARN_RANGE_LOOP_ANALYSIS = YES;
				CLANG_WARN_STRICT_PROTOTYPES = YES;
				CLANG_WARN_SUSPICIOUS_MOVE = YES;
				CLANG_WARN_UNREACHABLE_CODE = YES;
				CLANG_WARN__DUPLICATE_METHOD_MATCH = YES;
				"CODE_SIGN_IDENTITY[sdk=iphoneos*]" = "iPhone Developer";
				COPY_PHASE_STRIP = NO;
				CURRENT_PROJECT_VERSION = 1;
				DEBUG_INFORMATION_FORMAT = "dwarf-with-dsym";
				ENABLE_NS_ASSERTIONS = NO;
				ENABLE_STRICT_OBJC_MSGSEND = YES;
				GCC_C_LANGUAGE_STANDARD = gnu99;
				GCC_NO_COMMON_BLOCKS = YES;
				GCC_WARN_64_TO_32_BIT_CONVERSION = YES;
				GCC_WARN_ABOUT_RETURN_TYPE = YES_ERROR;
				GCC_WARN_UNDECLARED_SELECTOR = YES;
				GCC_WARN_UNINITIALIZED_AUTOS = YES_AGGRESSIVE;
				GCC_WARN_UNUSED_FUNCTION = YES;
				GCC_WARN_UNUSED_VARIABLE = YES;
				IPHONEOS_DEPLOYMENT_TARGET = 8.0;
				MTL_ENABLE_DEBUG_INFO = NO;
				SDKROOT = iphoneos;
				SWIFT_OPTIMIZATION_LEVEL = "-Owholemodule";
				TARGETED_DEVICE_FAMILY = "1,2";
				VALIDATE_PRODUCT = YES;
				VERSIONING_SYSTEM = "apple-generic";
				VERSION_INFO_PREFIX = "";
			};
			name = Release;
		};
		1DEA770C1F259A6C00C1040B /* Debug */ = {
			isa = XCBuildConfiguration;
			buildSettings = {
				CLANG_ENABLE_MODULES = YES;
				CODE_SIGN_IDENTITY = "";
				DEFINES_MODULE = YES;
				DYLIB_COMPATIBILITY_VERSION = 1;
				DYLIB_CURRENT_VERSION = 1;
				DYLIB_INSTALL_NAME_BASE = "@rpath";
				INFOPLIST_FILE = "$(SRCROOT)/SpotlightLyrics/Info.plist";
				INSTALL_PATH = "$(LOCAL_LIBRARY_DIR)/Frameworks";
				LD_RUNPATH_SEARCH_PATHS = "$(inherited) @executable_path/Frameworks @loader_path/Frameworks";
				PRODUCT_BUNDLE_IDENTIFIER = "com.jayasme.spotlight-lyrics";
				PRODUCT_NAME = "$(TARGET_NAME)";
				SKIP_INSTALL = YES;
				SWIFT_OPTIMIZATION_LEVEL = "-Onone";
				SWIFT_VERSION = 4.2;
			};
			name = Debug;
		};
		1DEA770D1F259A6C00C1040B /* Release */ = {
			isa = XCBuildConfiguration;
			buildSettings = {
				CLANG_ENABLE_MODULES = YES;
				CODE_SIGN_IDENTITY = "";
				DEFINES_MODULE = YES;
				DYLIB_COMPATIBILITY_VERSION = 1;
				DYLIB_CURRENT_VERSION = 1;
				DYLIB_INSTALL_NAME_BASE = "@rpath";
				INFOPLIST_FILE = "$(SRCROOT)/SpotlightLyrics/Info.plist";
				INSTALL_PATH = "$(LOCAL_LIBRARY_DIR)/Frameworks";
				LD_RUNPATH_SEARCH_PATHS = "$(inherited) @executable_path/Frameworks @loader_path/Frameworks";
				PRODUCT_BUNDLE_IDENTIFIER = "com.jayasme.spotlight-lyrics";
				PRODUCT_NAME = "$(TARGET_NAME)";
				SKIP_INSTALL = YES;
				SWIFT_VERSION = 4.2;
			};
			name = Release;
		};
/* End XCBuildConfiguration section */

/* Begin XCConfigurationList section */
		1DEA76FD1F259A6C00C1040B /* Build configuration list for PBXProject "SpotlightLyrics" */ = {
			isa = XCConfigurationList;
			buildConfigurations = (
				1DEA77091F259A6C00C1040B /* Debug */,
				1DEA770A1F259A6C00C1040B /* Release */,
			);
			defaultConfigurationIsVisible = 0;
			defaultConfigurationName = Release;
		};
		1DEA770B1F259A6C00C1040B /* Build configuration list for PBXNativeTarget "SpotlightLyrics" */ = {
			isa = XCConfigurationList;
			buildConfigurations = (
				1DEA770C1F259A6C00C1040B /* Debug */,
				1DEA770D1F259A6C00C1040B /* Release */,
			);
			defaultConfigurationIsVisible = 0;
			defaultConfigurationName = Release;
		};
/* End XCConfigurationList section */
	};
	rootObject = 1DEA76FA1F259A6C00C1040B /* Project object */;
}
